
Microsoft Visual Studio Solution File, Format Version 12.00
# Visual Studio Version 16
VisualStudioVersion = 16.0.29609.76
MinimumVisualStudioVersion = 10.0.40219.1
Project("{FAE04EC0-301F-11D3-BF4B-00C04F79EFBC}") = "Draw", "Draw\Draw.csproj", "{22C8EEA3-C955-4C86-98E5-B84A0B2C228A}"
EndProject
Global
	GlobalSection(SolutionConfigurationPlatforms) = preSolution
		Debug|Any CPU = Debug|Any CPU
		Release|Any CPU = Release|Any CPU
	EndGlobalSection
	GlobalSection(ProjectConfigurationPlatforms) = postSolution
		{22C8EEA3-C955-4C86-98E5-B84A0B2C228A}.Debug|Any CPU.ActiveCfg = Debug|Any CPU
		{22C8EEA3-C955-4C86-98E5-B84A0B2C228A}.Debug|Any CPU.Build.0 = Debug|Any CPU
		{22C8EEA3-C955-4C86-98E5-B84A0B2C228A}.Release|Any CPU.ActiveCfg = Release|Any CPU
		{22C8EEA3-C955-4C86-98E5-B84A0B2C228A}.Release|Any CPU.Build.0 = Release|Any CPU
	EndGlobalSection
	GlobalSection(SolutionProperties) = preSolution
		HideSolutionNode = FALSE
	EndGlobalSection
	GlobalSection(ExtensibilityGlobals) = postSolution
		SolutionGuid = {1E2C7DB3-5CD7-4293-9F5E-5EFC054574D8}
	EndGlobalSection
EndGlobal
